{
    "_meta": {
        "hash": {
            "sha256": "969b51db12c40ac9357ca09d20330a8e7feb2bf2b0f0f74fbeaf0e65abe470a8"
        },
        "pipfile-spec": 6,
        "requires": {
            "python_version": "3.9"
        },
        "sources": [
            {
                "name": "pypi",
                "url": "https://pypi.org/simple",
                "verify_ssl": true
            }
        ]
    },
    "default": {
        "pypassafe": {
            "path": "./..",
            "version": "==0.0.1"
        }
    },
    "develop": {}
}
